// !$*UTF8*$!
{
	archiveVersion = 1;
	classes = {
	};
	objectVersion = 77;
	objects = {

/* Begin PBXBuildFile section */
		DDE7BC0B2E781735003BA6E0 /* Assets.xcassets in Resources */ = {isa = PBXBuildFile; fileRef = DDE7BC062E781735003BA6E0 /* Assets.xcassets */; };
		DDE7BC0C2E781735003BA6E0 /* HomeView.swift in Sources */ = {isa = PBXBuildFile; fileRef = DDE7BC072E781735003BA6E0 /* HomeView.swift */; };
		DDE7BC0D2E781735003BA6E0 /* NumericFact.swift in Sources */ = {isa = PBXBuildFile; fileRef = DDE7BC082E781735003BA6E0 /* NumericFact.swift */; };
		DDE7BC0E2E781735003BA6E0 /* NumericFactsApp.swift in Sources */ = {isa = PBXBuildFile; fileRef = DDE7BC092E781735003BA6E0 /* NumericFactsApp.swift */; };
		DDE7BC162E78217E003BA6E0 /* NumericFactsViewModel.swift in Sources */ = {isa = PBXBuildFile; fileRef = DDE7BC152E78217D003BA6E0 /* NumericFactsViewModel.swift */; };
		DDE7BC182E782361003BA6E0 /* FactDetailsView.swift in Sources */ = {isa = PBXBuildFile; fileRef = DDE7BC172E78235B003BA6E0 /* FactDetailsView.swift */; };
		DDE7BC1D2E783F90003BA6E0 /* NetworkService.swift in Sources */ = {isa = PBXBuildFile; fileRef = DDE7BC1C2E783F81003BA6E0 /* NetworkService.swift */; };
		DDE7BC232E785925003BA6E0 /* CustomAlerts in Frameworks */ = {isa = PBXBuildFile; productRef = DDE7BC222E785925003BA6E0 /* CustomAlerts */; };
		DDE7BC252E787729003BA6E0 /* DetailsCell.swift in Sources */ = {isa = PBXBuildFile; fileRef = DDE7BC242E787728003BA6E0 /* DetailsCell.swift */; };
		DDE7BC272E788726003BA6E0 /* NumberFactResponse.swift in Sources */ = {isa = PBXBuildFile; fileRef = DDE7BC262E788725003BA6E0 /* NumberFactResponse.swift */; };
/* End PBXBuildFile section */

/* Begin PBXFileReference section */
		DDE7BBF62E781723003BA6E0 /* NumericFacts.app */ = {isa = PBXFileReference; explicitFileType = wrapper.application; includeInIndex = 0; path = NumericFacts.app; sourceTree = BUILT_PRODUCTS_DIR; };
		DDE7BC062E781735003BA6E0 /* Assets.xcassets */ = {isa = PBXFileReference; lastKnownFileType = folder.assetcatalog; path = Assets.xcassets; sourceTree = "<group>"; };
		DDE7BC072E781735003BA6E0 /* HomeView.swift */ = {isa = PBXFileReference; lastKnownFileType = sourcecode.swift; path = HomeView.swift; sourceTree = "<group>"; };
		DDE7BC082E781735003BA6E0 /* NumericFact.swift */ = {isa = PBXFileReference; lastKnownFileType = sourcecode.swift; path = NumericFact.swift; sourceTree = "<group>"; };
		DDE7BC092E781735003BA6E0 /* NumericFactsApp.swift */ = {isa = PBXFileReference; lastKnownFileType = sourcecode.swift; path = NumericFactsApp.swift; sourceTree = "<group>"; };
		DDE7BC152E78217D003BA6E0 /* NumericFactsViewModel.swift */ = {isa = PBXFileReference; lastKnownFileType = sourcecode.swift; path = NumericFactsViewModel.swift; sourceTree = "<group>"; };
		DDE7BC172E78235B003BA6E0 /* FactDetailsView.swift */ = {isa = PBXFileReference; lastKnownFileType = sourcecode.swift; path = FactDetailsView.swift; sourceTree = "<group>"; };
		DDE7BC1C2E783F81003BA6E0 /* NetworkService.swift */ = {isa = PBXFileReference; lastKnownFileType = sourcecode.swift; path = NetworkService.swift; sourceTree = "<group>"; };
		DDE7BC202E78557F003BA6E0 /* Info.plist */ = {isa = PBXFileReference; lastKnownFileType = text.plist; path = Info.plist; sourceTree = "<group>"; };
		DDE7BC242E787728003BA6E0 /* DetailsCell.swift */ = {isa = PBXFileReference; lastKnownFileType = sourcecode.swift; path = DetailsCell.swift; sourceTree = "<group>"; };
		DDE7BC262E788725003BA6E0 /* NumberFactResponse.swift */ = {isa = PBXFileReference; lastKnownFileType = sourcecode.swift; path = NumberFactResponse.swift; sourceTree = "<group>"; };
/* End PBXFileReference section */

/* Begin PBXFrameworksBuildPhase section */
		DDE7BBF32E781723003BA6E0 /* Frameworks */ = {
			isa = PBXFrameworksBuildPhase;
			buildActionMask = 2147483647;
			files = (
				DDE7BC232E785925003BA6E0 /* CustomAlerts in Frameworks */,
			);
			runOnlyForDeploymentPostprocessing = 0;
		};
/* End PBXFrameworksBuildPhase section */

/* Begin PBXGroup section */
		DDE7BBED2E781723003BA6E0 = {
			isa = PBXGroup;
			children = (
				DDE7BC0A2E781735003BA6E0 /* NumericFacts */,
				DDE7BBF72E781723003BA6E0 /* Products */,
			);
			sourceTree = "<group>";
		};
		DDE7BBF72E781723003BA6E0 /* Products */ = {
			isa = PBXGroup;
			children = (
				DDE7BBF62E781723003BA6E0 /* NumericFacts.app */,
			);
			name = Products;
			sourceTree = "<group>";
		};
		DDE7BC0A2E781735003BA6E0 /* NumericFacts */ = {
			isa = PBXGroup;
			children = (
				DDE7BC202E78557F003BA6E0 /* Info.plist */,
				DDE7BC142E781794003BA6E0 /* AppMain */,
				DDE7BC0F2E78173F003BA6E0 /* MVVM */,
				DDE7BC192E783F26003BA6E0 /* Services */,
				DDE7BC132E781765003BA6E0 /* Resources */,
			);
			path = NumericFacts;
			sourceTree = "<group>";
		};
		DDE7BC0F2E78173F003BA6E0 /* MVVM */ = {
			isa = PBXGroup;
			children = (
				DDE7BC122E78175B003BA6E0 /* ViewModel */,
				DDE7BC112E78174F003BA6E0 /* Views */,
				DDE7BC102E781747003BA6E0 /* Models */,
			);
			path = MVVM;
			sourceTree = "<group>";
		};
		DDE7BC102E781747003BA6E0 /* Models */ = {
			isa = PBXGroup;
			children = (
				DDE7BC082E781735003BA6E0 /* NumericFact.swift */,
				DDE7BC262E788725003BA6E0 /* NumberFactResponse.swift */,
			);
			path = Models;
			sourceTree = "<group>";
		};
		DDE7BC112E78174F003BA6E0 /* Views */ = {
			isa = PBXGroup;
			children = (
				DDE7BC242E787728003BA6E0 /* DetailsCell.swift */,
				DDE7BC072E781735003BA6E0 /* HomeView.swift */,
				DDE7BC172E78235B003BA6E0 /* FactDetailsView.swift */,
			);
			path = Views;
			sourceTree = "<group>";
		};
		DDE7BC122E78175B003BA6E0 /* ViewModel */ = {
			isa = PBXGroup;
			children = (
				DDE7BC152E78217D003BA6E0 /* NumericFactsViewModel.swift */,
			);
			path = ViewModel;
			sourceTree = "<group>";
		};
		DDE7BC132E781765003BA6E0 /* Resources */ = {
			isa = PBXGroup;
			children = (
				DDE7BC062E781735003BA6E0 /* Assets.xcassets */,
			);
			path = Resources;
			sourceTree = "<group>";
		};
		DDE7BC142E781794003BA6E0 /* AppMain */ = {
			isa = PBXGroup;
			children = (
				DDE7BC092E781735003BA6E0 /* NumericFactsApp.swift */,
			);
			path = AppMain;
			sourceTree = "<group>";
		};
		DDE7BC192E783F26003BA6E0 /* Services */ = {
			isa = PBXGroup;
			children = (
				DDE7BC1A2E783F4A003BA6E0 /* NetworkService */,
				DDE7BC1B2E783F5B003BA6E0 /* LocalStorageService */,
			);
			path = Services;
			sourceTree = "<group>";
		};
		DDE7BC1A2E783F4A003BA6E0 /* NetworkService */ = {
			isa = PBXGroup;
			children = (
				DDE7BC1C2E783F81003BA6E0 /* NetworkService.swift */,
			);
			path = NetworkService;
			sourceTree = "<group>";
		};
		DDE7BC1B2E783F5B003BA6E0 /* LocalStorageService */ = {
			isa = PBXGroup;
			children = (
			);
			path = LocalStorageService;
			sourceTree = "<group>";
		};
/* End PBXGroup section */

/* Begin PBXNativeTarget section */
		DDE7BBF52E781723003BA6E0 /* NumericFacts */ = {
			isa = PBXNativeTarget;
			buildConfigurationList = DDE7BC032E781725003BA6E0 /* Build configuration list for PBXNativeTarget "NumericFacts" */;
			buildPhases = (
				DDE7BBF22E781723003BA6E0 /* Sources */,
				DDE7BBF32E781723003BA6E0 /* Frameworks */,
				DDE7BBF42E781723003BA6E0 /* Resources */,
			);
			buildRules = (
			);
			dependencies = (
			);
			name = NumericFacts;
			packageProductDependencies = (
				DDE7BC222E785925003BA6E0 /* CustomAlerts */,
			);
			productName = NumericFacts;
			productReference = DDE7BBF62E781723003BA6E0 /* NumericFacts.app */;
			productType = "com.apple.product-type.application";
		};
/* End PBXNativeTarget section */

/* Begin PBXProject section */
		DDE7BBEE2E781723003BA6E0 /* Project object */ = {
			isa = PBXProject;
			attributes = {
				BuildIndependentTargetsInParallel = 1;
				LastSwiftUpdateCheck = 1640;
				LastUpgradeCheck = 1640;
				TargetAttributes = {
					DDE7BBF52E781723003BA6E0 = {
						CreatedOnToolsVersion = 16.4;
					};
				};
			};
			buildConfigurationList = DDE7BBF12E781723003BA6E0 /* Build configuration list for PBXProject "NumericFacts" */;
			developmentRegion = en;
			hasScannedForEncodings = 0;
			knownRegions = (
				en,
				Base,
			);
			mainGroup = DDE7BBED2E781723003BA6E0;
			minimizedProjectReferenceProxies = 1;
			packageReferences = (
				DDE7BC212E785925003BA6E0 /* XCRemoteSwiftPackageReference "CustomAlerts" */,
			);
			preferredProjectObjectVersion = 77;
			productRefGroup = DDE7BBF72E781723003BA6E0 /* Products */;
			projectDirPath = "";
			projectRoot = "";
			targets = (
				DDE7BBF52E781723003BA6E0 /* NumericFacts */,
			);
		};
/* End PBXProject section */

/* Begin PBXResourcesBuildPhase section */
		DDE7BBF42E781723003BA6E0 /* Resources */ = {
			isa = PBXResourcesBuildPhase;
			buildActionMask = 2147483647;
			files = (
				DDE7BC0B2E781735003BA6E0 /* Assets.xcassets in Resources */,
			);
			runOnlyForDeploymentPostprocessing = 0;
		};
/* End PBXResourcesBuildPhase section */

/* Begin PBXSourcesBuildPhase section */
		DDE7BBF22E781723003BA6E0 /* Sources */ = {
			isa = PBXSourcesBuildPhase;
			buildActionMask = 2147483647;
			files = (
				DDE7BC0C2E781735003BA6E0 /* HomeView.swift in Sources */,
				DDE7BC182E782361003BA6E0 /* FactDetailsView.swift in Sources */,
				DDE7BC272E788726003BA6E0 /* NumberFactResponse.swift in Sources */,
				DDE7BC252E787729003BA6E0 /* DetailsCell.swift in Sources */,
				DDE7BC0D2E781735003BA6E0 /* NumericFact.swift in Sources */,
				DDE7BC162E78217E003BA6E0 /* NumericFactsViewModel.swift in Sources */,
				DDE7BC1D2E783F90003BA6E0 /* NetworkService.swift in Sources */,
				DDE7BC0E2E781735003BA6E0 /* NumericFactsApp.swift in Sources */,
			);
			runOnlyForDeploymentPostprocessing = 0;
		};
/* End PBXSourcesBuildPhase section */

/* Begin XCBuildConfiguration section */
		DDE7BC012E781725003BA6E0 /* Debug */ = {
			isa = XCBuildConfiguration;
			buildSettings = {
				ALWAYS_SEARCH_USER_PATHS = NO;
				ASSETCATALOG_COMPILER_GENERATE_SWIFT_ASSET_SYMBOL_EXTENSIONS = YES;
				CLANG_ANALYZER_NONNULL = YES;
				CLANG_ANALYZER_NUMBER_OBJECT_CONVERSION = YES_AGGRESSIVE;
				CLANG_CXX_LANGUAGE_STANDARD = "gnu++20";
				CLANG_ENABLE_MODULES = YES;
				CLANG_ENABLE_OBJC_ARC = YES;
				CLANG_ENABLE_OBJC_WEAK = YES;
				CLANG_WARN_BLOCK_CAPTURE_AUTORELEASING = YES;
				CLANG_WARN_BOOL_CONVERSION = YES;
				CLANG_WARN_COMMA = YES;
				CLANG_WARN_CONSTANT_CONVERSION = YES;
				CLANG_WARN_DEPRECATED_OBJC_IMPLEMENTATIONS = YES;
				CLANG_WARN_DIRECT_OBJC_ISA_USAGE = YES_ERROR;
				CLANG_WARN_DOCUMENTATION_COMMENTS = YES;
				CLANG_WARN_EMPTY_BODY = YES;
				CLANG_WARN_ENUM_CONVERSION = YES;
				CLANG_WARN_INFINITE_RECURSION = YES;
				CLANG_WARN_INT_CONVERSION = YES;
				CLANG_WARN_NON_LITERAL_NULL_CONVERSION = YES;
				CLANG_WARN_OBJC_IMPLICIT_RETAIN_SELF = YES;
				CLANG_WARN_OBJC_LITERAL_CONVERSION = YES;
				CLANG_WARN_OBJC_ROOT_CLASS = YES_ERROR;
				CLANG_WARN_QUOTED_INCLUDE_IN_FRAMEWORK_HEADER = YES;
				CLANG_WARN_RANGE_LOOP_ANALYSIS = YES;
				CLANG_WARN_STRICT_PROTOTYPES = YES;
				CLANG_WARN_SUSPICIOUS_MOVE = YES;
				CLANG_WARN_UNGUARDED_AVAILABILITY = YES_AGGRESSIVE;
				CLANG_WARN_UNREACHABLE_CODE = YES;
				CLANG_WARN__DUPLICATE_METHOD_MATCH = YES;
				COPY_PHASE_STRIP = NO;
				DEBUG_INFORMATION_FORMAT = dwarf;
				DEVELOPMENT_TEAM = D28SS25G7Y;
				ENABLE_STRICT_OBJC_MSGSEND = YES;
				ENABLE_TESTABILITY = YES;
				ENABLE_USER_SCRIPT_SANDBOXING = YES;
				GCC_C_LANGUAGE_STANDARD = gnu17;
				GCC_DYNAMIC_NO_PIC = NO;
				GCC_NO_COMMON_BLOCKS = YES;
				GCC_OPTIMIZATION_LEVEL = 0;
				GCC_PREPROCESSOR_DEFINITIONS = (
					"DEBUG=1",
					"$(inherited)",
				);
				GCC_WARN_64_TO_32_BIT_CONVERSION = YES;
				GCC_WARN_ABOUT_RETURN_TYPE = YES_ERROR;
				GCC_WARN_UNDECLARED_SELECTOR = YES;
				GCC_WARN_UNINITIALIZED_AUTOS = YES_AGGRESSIVE;
				GCC_WARN_UNUSED_FUNCTION = YES;
				GCC_WARN_UNUSED_VARIABLE = YES;
				IPHONEOS_DEPLOYMENT_TARGET = 18.5;
				LOCALIZATION_PREFERS_STRING_CATALOGS = YES;
				MTL_ENABLE_DEBUG_INFO = INCLUDE_SOURCE;
				MTL_FAST_MATH = YES;
				ONLY_ACTIVE_ARCH = YES;
				SDKROOT = iphoneos;
				SWIFT_ACTIVE_COMPILATION_CONDITIONS = "DEBUG $(inherited)";
				SWIFT_OPTIMIZATION_LEVEL = "-Onone";
			};
			name = Debug;
		};
		DDE7BC022E781725003BA6E0 /* Release */ = {
			isa = XCBuildConfiguration;
			buildSettings = {
				ALWAYS_SEARCH_USER_PATHS = NO;
				ASSETCATALOG_COMPILER_GENERATE_SWIFT_ASSET_SYMBOL_EXTENSIONS = YES;
				CLANG_ANALYZER_NONNULL = YES;
				CLANG_ANALYZER_NUMBER_OBJECT_CONVERSION = YES_AGGRESSIVE;
				CLANG_CXX_LANGUAGE_STANDARD = "gnu++20";
				CLANG_ENABLE_MODULES = YES;
				CLANG_ENABLE_OBJC_ARC = YES;
				CLANG_ENABLE_OBJC_WEAK = YES;
				CLANG_WARN_BLOCK_CAPTURE_AUTORELEASING = YES;
				CLANG_WARN_BOOL_CONVERSION = YES;
				CLANG_WARN_COMMA = YES;
				CLANG_WARN_CONSTANT_CONVERSION = YES;
				CLANG_WARN_DEPRECATED_OBJC_IMPLEMENTATIONS = YES;
				CLANG_WARN_DIRECT_OBJC_ISA_USAGE = YES_ERROR;
				CLANG_WARN_DOCUMENTATION_COMMENTS = YES;
				CLANG_WARN_EMPTY_BODY = YES;
				CLANG_WARN_ENUM_CONVERSION = YES;
				CLANG_WARN_INFINITE_RECURSION = YES;
				CLANG_WARN_INT_CONVERSION = YES;
				CLANG_WARN_NON_LITERAL_NULL_CONVERSION = YES;
				CLANG_WARN_OBJC_IMPLICIT_RETAIN_SELF = YES;
				CLANG_WARN_OBJC_LITERAL_CONVERSION = YES;
				CLANG_WARN_OBJC_ROOT_CLASS = YES_ERROR;
				CLANG_WARN_QUOTED_INCLUDE_IN_FRAMEWORK_HEADER = YES;
				CLANG_WARN_RANGE_LOOP_ANALYSIS = YES;
				CLANG_WARN_STRICT_PROTOTYPES = YES;
				CLANG_WARN_SUSPICIOUS_MOVE = YES;
				CLANG_WARN_UNGUARDED_AVAILABILITY = YES_AGGRESSIVE;
				CLANG_WARN_UNREACHABLE_CODE = YES;
				CLANG_WARN__DUPLICATE_METHOD_MATCH = YES;
				COPY_PHASE_STRIP = NO;
				DEBUG_INFORMATION_FORMAT = "dwarf-with-dsym";
				DEVELOPMENT_TEAM = D28SS25G7Y;
				ENABLE_NS_ASSERTIONS = NO;
				ENABLE_STRICT_OBJC_MSGSEND = YES;
				ENABLE_USER_SCRIPT_SANDBOXING = YES;
				GCC_C_LANGUAGE_STANDARD = gnu17;
				GCC_NO_COMMON_BLOCKS = YES;
				GCC_WARN_64_TO_32_BIT_CONVERSION = YES;
				GCC_WARN_ABOUT_RETURN_TYPE = YES_ERROR;
				GCC_WARN_UNDECLARED_SELECTOR = YES;
				GCC_WARN_UNINITIALIZED_AUTOS = YES_AGGRESSIVE;
				GCC_WARN_UNUSED_FUNCTION = YES;
				GCC_WARN_UNUSED_VARIABLE = YES;
				IPHONEOS_DEPLOYMENT_TARGET = 18.5;
				LOCALIZATION_PREFERS_STRING_CATALOGS = YES;
				MTL_ENABLE_DEBUG_INFO = NO;
				MTL_FAST_MATH = YES;
				SDKROOT = iphoneos;
				SWIFT_COMPILATION_MODE = wholemodule;
				VALIDATE_PRODUCT = YES;
			};
			name = Release;
		};
		DDE7BC042E781725003BA6E0 /* Debug */ = {
			isa = XCBuildConfiguration;
			buildSettings = {
				ASSETCATALOG_COMPILER_APPICON_NAME = AppIcon;
				ASSETCATALOG_COMPILER_GLOBAL_ACCENT_COLOR_NAME = AccentColor;
				CODE_SIGN_STYLE = Automatic;
				CURRENT_PROJECT_VERSION = 1;
				DEVELOPMENT_TEAM = D28SS25G7Y;
				ENABLE_PREVIEWS = YES;
				GENERATE_INFOPLIST_FILE = YES;
				INFOPLIST_FILE = NumericFacts/Info.plist;
				INFOPLIST_KEY_UIApplicationSceneManifest_Generation = YES;
				INFOPLIST_KEY_UIApplicationSupportsIndirectInputEvents = YES;
				INFOPLIST_KEY_UILaunchScreen_Generation = YES;
				INFOPLIST_KEY_UISupportedInterfaceOrientations_iPad = "UIInterfaceOrientationPortrait UIInterfaceOrientationPortraitUpsideDown UIInterfaceOrientationLandscapeLeft UIInterfaceOrientationLandscapeRight";
				INFOPLIST_KEY_UISupportedInterfaceOrientations_iPhone = "UIInterfaceOrientationPortrait UIInterfaceOrientationLandscapeLeft UIInterfaceOrientationLandscapeRight";
				LD_RUNPATH_SEARCH_PATHS = (
					"$(inherited)",
					"@executable_path/Frameworks",
				);
				MARKETING_VERSION = 1.0;
				PRODUCT_BUNDLE_IDENTIFIER = com.NumericFacts;
				PRODUCT_NAME = "$(TARGET_NAME)";
				SWIFT_EMIT_LOC_STRINGS = YES;
				SWIFT_VERSION = 5.0;
				TARGETED_DEVICE_FAMILY = "1,2";
			};
			name = Debug;
		};
		DDE7BC052E781725003BA6E0 /* Release */ = {
			isa = XCBuildConfiguration;
			buildSettings = {
				ASSETCATALOG_COMPILER_APPICON_NAME = AppIcon;
				ASSETCATALOG_COMPILER_GLOBAL_ACCENT_COLOR_NAME = AccentColor;
				CODE_SIGN_STYLE = Automatic;
				CURRENT_PROJECT_VERSION = 1;
				DEVELOPMENT_TEAM = D28SS25G7Y;
				ENABLE_PREVIEWS = YES;
				GENERATE_INFOPLIST_FILE = YES;
				INFOPLIST_FILE = NumericFacts/Info.plist;
				INFOPLIST_KEY_UIApplicationSceneManifest_Generation = YES;
				INFOPLIST_KEY_UIApplicationSupportsIndirectInputEvents = YES;
				INFOPLIST_KEY_UILaunchScreen_Generation = YES;
				INFOPLIST_KEY_UISupportedInterfaceOrientations_iPad = "UIInterfaceOrientationPortrait UIInterfaceOrientationPortraitUpsideDown UIInterfaceOrientationLandscapeLeft UIInterfaceOrientationLandscapeRight";
				INFOPLIST_KEY_UISupportedInterfaceOrientations_iPhone = "UIInterfaceOrientationPortrait UIInterfaceOrientationLandscapeLeft UIInterfaceOrientationLandscapeRight";
				LD_RUNPATH_SEARCH_PATHS = (
					"$(inherited)",
					"@executable_path/Frameworks",
				);
				MARKETING_VERSION = 1.0;
				PRODUCT_BUNDLE_IDENTIFIER = com.NumericFacts;
				PRODUCT_NAME = "$(TARGET_NAME)";
				SWIFT_EMIT_LOC_STRINGS = YES;
				SWIFT_VERSION = 5.0;
				TARGETED_DEVICE_FAMILY = "1,2";
			};
			name = Release;
		};
/* End XCBuildConfiguration section */

/* Begin XCConfigurationList section */
		DDE7BBF12E781723003BA6E0 /* Build configuration list for PBXProject "NumericFacts" */ = {
			isa = XCConfigurationList;
			buildConfigurations = (
				DDE7BC012E781725003BA6E0 /* Debug */,
				DDE7BC022E781725003BA6E0 /* Release */,
			);
			defaultConfigurationIsVisible = 0;
			defaultConfigurationName = Release;
		};
		DDE7BC032E781725003BA6E0 /* Build configuration list for PBXNativeTarget "NumericFacts" */ = {
			isa = XCConfigurationList;
			buildConfigurations = (
				DDE7BC042E781725003BA6E0 /* Debug */,
				DDE7BC052E781725003BA6E0 /* Release */,
			);
			defaultConfigurationIsVisible = 0;
			defaultConfigurationName = Release;
		};
/* End XCConfigurationList section */

/* Begin XCRemoteSwiftPackageReference section */
		DDE7BC212E785925003BA6E0 /* XCRemoteSwiftPackageReference "CustomAlerts" */ = {
			isa = XCRemoteSwiftPackageReference;
			repositoryURL = "https://github.com/VadimSorokolit/CustomAlerts";
			requirement = {
				kind = upToNextMajorVersion;
				minimumVersion = 1.0.17;
			};
		};
/* End XCRemoteSwiftPackageReference section */

/* Begin XCSwiftPackageProductDependency section */
		DDE7BC222E785925003BA6E0 /* CustomAlerts */ = {
			isa = XCSwiftPackageProductDependency;
			package = DDE7BC212E785925003BA6E0 /* XCRemoteSwiftPackageReference "CustomAlerts" */;
			productName = CustomAlerts;
		};
/* End XCSwiftPackageProductDependency section */
	};
	rootObject = DDE7BBEE2E781723003BA6E0 /* Project object */;
}
